// !$*UTF8*$!
{
	archiveVersion = 1;
	classes = {
	};
	objectVersion = 46;
	objects = {

/* Begin PBXBuildFile section */
		022E50FF1E6D349300B765E4 /* AppDelegate.swift in Sources */ = {isa = PBXBuildFile; fileRef = 022E50FE1E6D349300B765E4 /* AppDelegate.swift */; };
		022E51011E6D349300B765E4 /* ViewController.swift in Sources */ = {isa = PBXBuildFile; fileRef = 022E51001E6D349300B765E4 /* ViewController.swift */; };
		022E51041E6D349300B765E4 /* Main.storyboard in Resources */ = {isa = PBXBuildFile; fileRef = 022E51021E6D349300B765E4 /* Main.storyboard */; };
		022E51061E6D349300B765E4 /* Assets.xcassets in Resources */ = {isa = PBXBuildFile; fileRef = 022E51051E6D349300B765E4 /* Assets.xcassets */; };
		022E51091E6D349300B765E4 /* LaunchScreen.storyboard in Resources */ = {isa = PBXBuildFile; fileRef = 022E51071E6D349300B765E4 /* LaunchScreen.storyboard */; };
		022E511F1E6D34C100B765E4 /* ValidatorTestCase.swift in Sources */ = {isa = PBXBuildFile; fileRef = 022E511E1E6D34C100B765E4 /* ValidatorTestCase.swift */; };
		022E51211E6D352700B765E4 /* Validator.swift in Sources */ = {isa = PBXBuildFile; fileRef = 022E51201E6D352700B765E4 /* Validator.swift */; };
		0284FD0D1E6E7DEC00D1A6DA /* ViewControllerTestCase.swift in Sources */ = {isa = PBXBuildFile; fileRef = 0284FD0C1E6E7DEC00D1A6DA /* ViewControllerTestCase.swift */; };
/* End PBXBuildFile section */

/* Begin PBXContainerItemProxy section */
		022E51101E6D349300B765E4 /* PBXContainerItemProxy */ = {
			isa = PBXContainerItemProxy;
			containerPortal = 022E50F31E6D349300B765E4 /* Project object */;
			proxyType = 1;
			remoteGlobalIDString = 022E50FA1E6D349300B765E4;
			remoteInfo = UnitCases;
		};
/* End PBXContainerItemProxy section */

/* Begin PBXFileReference section */
		022E50FB1E6D349300B765E4 /* UnitCases.app */ = {isa = PBXFileReference; explicitFileType = wrapper.application; includeInIndex = 0; path = UnitCases.app; sourceTree = BUILT_PRODUCTS_DIR; };
		022E50FE1E6D349300B765E4 /* AppDelegate.swift */ = {isa = PBXFileReference; lastKnownFileType = sourcecode.swift; path = AppDelegate.swift; sourceTree = "<group>"; };
		022E51001E6D349300B765E4 /* ViewController.swift */ = {isa = PBXFileReference; lastKnownFileType = sourcecode.swift; path = ViewController.swift; sourceTree = "<group>"; };
		022E51031E6D349300B765E4 /* Base */ = {isa = PBXFileReference; lastKnownFileType = file.storyboard; name = Base; path = Base.lproj/Main.storyboard; sourceTree = "<group>"; };
		022E51051E6D349300B765E4 /* Assets.xcassets */ = {isa = PBXFileReference; lastKnownFileType = folder.assetcatalog; path = Assets.xcassets; sourceTree = "<group>"; };
		022E51081E6D349300B765E4 /* Base */ = {isa = PBXFileReference; lastKnownFileType = file.storyboard; name = Base; path = Base.lproj/LaunchScreen.storyboard; sourceTree = "<group>"; };
		022E510A1E6D349300B765E4 /* Info.plist */ = {isa = PBXFileReference; lastKnownFileType = text.plist.xml; path = Info.plist; sourceTree = "<group>"; };
		022E510F1E6D349300B765E4 /* UnitCasesTests.xctest */ = {isa = PBXFileReference; explicitFileType = wrapper.cfbundle; includeInIndex = 0; path = UnitCasesTests.xctest; sourceTree = BUILT_PRODUCTS_DIR; };
		022E51151E6D349300B765E4 /* Info.plist */ = {isa = PBXFileReference; lastKnownFileType = text.plist.xml; path = Info.plist; sourceTree = "<group>"; };
		022E511E1E6D34C100B765E4 /* ValidatorTestCase.swift */ = {isa = PBXFileReference; fileEncoding = 4; lastKnownFileType = sourcecode.swift; path = ValidatorTestCase.swift; sourceTree = "<group>"; };
		022E51201E6D352700B765E4 /* Validator.swift */ = {isa = PBXFileReference; fileEncoding = 4; lastKnownFileType = sourcecode.swift; path = Validator.swift; sourceTree = "<group>"; };
		0284FD0C1E6E7DEC00D1A6DA /* ViewControllerTestCase.swift */ = {isa = PBXFileReference; fileEncoding = 4; lastKnownFileType = sourcecode.swift; path = ViewControllerTestCase.swift; sourceTree = "<group>"; };
/* End PBXFileReference section */

/* Begin PBXFrameworksBuildPhase section */
		022E50F81E6D349300B765E4 /* Frameworks */ = {
			isa = PBXFrameworksBuildPhase;
			buildActionMask = 2147483647;
			files = (
			);
			runOnlyForDeploymentPostprocessing = 0;
		};
		022E510C1E6D349300B765E4 /* Frameworks */ = {
			isa = PBXFrameworksBuildPhase;
			buildActionMask = 2147483647;
			files = (
			);
			runOnlyForDeploymentPostprocessing = 0;
		};
/* End PBXFrameworksBuildPhase section */

/* Begin PBXGroup section */
		022E50F21E6D349300B765E4 = {
			isa = PBXGroup;
			children = (
				022E50FD1E6D349300B765E4 /* UnitCases */,
				022E51121E6D349300B765E4 /* UnitCasesTests */,
				022E50FC1E6D349300B765E4 /* Products */,
			);
			sourceTree = "<group>";
		};
		022E50FC1E6D349300B765E4 /* Products */ = {
			isa = PBXGroup;
			children = (
				022E50FB1E6D349300B765E4 /* UnitCases.app */,
				022E510F1E6D349300B765E4 /* UnitCasesTests.xctest */,
			);
			name = Products;
			sourceTree = "<group>";
		};
		022E50FD1E6D349300B765E4 /* UnitCases */ = {
			isa = PBXGroup;
			children = (
				022E50FE1E6D349300B765E4 /* AppDelegate.swift */,
				022E51001E6D349300B765E4 /* ViewController.swift */,
				022E51201E6D352700B765E4 /* Validator.swift */,
				022E51021E6D349300B765E4 /* Main.storyboard */,
				022E51051E6D349300B765E4 /* Assets.xcassets */,
				022E51071E6D349300B765E4 /* LaunchScreen.storyboard */,
				022E510A1E6D349300B765E4 /* Info.plist */,
			);
			path = UnitCases;
			sourceTree = "<group>";
		};
		022E51121E6D349300B765E4 /* UnitCasesTests */ = {
			isa = PBXGroup;
			children = (
				0284FD0C1E6E7DEC00D1A6DA /* ViewControllerTestCase.swift */,
				022E511E1E6D34C100B765E4 /* ValidatorTestCase.swift */,
				022E51151E6D349300B765E4 /* Info.plist */,
			);
			path = UnitCasesTests;
			sourceTree = "<group>";
		};
/* End PBXGroup section */

/* Begin PBXNativeTarget section */
		022E50FA1E6D349300B765E4 /* UnitCases */ = {
			isa = PBXNativeTarget;
			buildConfigurationList = 022E51181E6D349300B765E4 /* Build configuration list for PBXNativeTarget "UnitCases" */;
			buildPhases = (
				022E50F71E6D349300B765E4 /* Sources */,
				022E50F81E6D349300B765E4 /* Frameworks */,
				022E50F91E6D349300B765E4 /* Resources */,
			);
			buildRules = (
			);
			dependencies = (
			);
			name = UnitCases;
			productName = UnitCases;
			productReference = 022E50FB1E6D349300B765E4 /* UnitCases.app */;
			productType = "com.apple.product-type.application";
		};
		022E510E1E6D349300B765E4 /* UnitCasesTests */ = {
			isa = PBXNativeTarget;
			buildConfigurationList = 022E511B1E6D349300B765E4 /* Build configuration list for PBXNativeTarget "UnitCasesTests" */;
			buildPhases = (
				022E510B1E6D349300B765E4 /* Sources */,
				022E510C1E6D349300B765E4 /* Frameworks */,
				022E510D1E6D349300B765E4 /* Resources */,
			);
			buildRules = (
			);
			dependencies = (
				022E51111E6D349300B765E4 /* PBXTargetDependency */,
			);
			name = UnitCasesTests;
			productName = UnitCasesTests;
			productReference = 022E510F1E6D349300B765E4 /* UnitCasesTests.xctest */;
			productType = "com.apple.product-type.bundle.unit-test";
		};
/* End PBXNativeTarget section */

/* Begin PBXProject section */
		022E50F31E6D349300B765E4 /* Project object */ = {
			isa = PBXProject;
			attributes = {
				LastSwiftUpdateCheck = 0820;
				LastUpgradeCheck = 0820;
				ORGANIZATIONNAME = "Harish Kumar";
				TargetAttributes = {
					022E50FA1E6D349300B765E4 = {
						CreatedOnToolsVersion = 8.2.1;
						DevelopmentTeam = 97RZX2844Y;
						ProvisioningStyle = Automatic;
					};
					022E510E1E6D349300B765E4 = {
						CreatedOnToolsVersion = 8.2.1;
						DevelopmentTeam = 97RZX2844Y;
						ProvisioningStyle = Automatic;
						TestTargetID = 022E50FA1E6D349300B765E4;
					};
				};
			};
			buildConfigurationList = 022E50F61E6D349300B765E4 /* Build configuration list for PBXProject "UnitCases" */;
			compatibilityVersion = "Xcode 3.2";
			developmentRegion = English;
			hasScannedForEncodings = 0;
			knownRegions = (
				en,
				Base,
			);
			mainGroup = 022E50F21E6D349300B765E4;
			productRefGroup = 022E50FC1E6D349300B765E4 /* Products */;
			projectDirPath = "";
			projectRoot = "";
			targets = (
				022E50FA1E6D349300B765E4 /* UnitCases */,
				022E510E1E6D349300B765E4 /* UnitCasesTests */,
			);
		};
/* End PBXProject section */

/* Begin PBXResourcesBuildPhase section */
		022E50F91E6D349300B765E4 /* Resources */ = {
			isa = PBXResourcesBuildPhase;
			buildActionMask = 2147483647;
			files = (
				022E51091E6D349300B765E4 /* LaunchScreen.storyboard in Resources */,
				022E51061E6D349300B765E4 /* Assets.xcassets in Resources */,
				022E51041E6D349300B765E4 /* Main.storyboard in Resources */,
			);
			runOnlyForDeploymentPostprocessing = 0;
		};
		022E510D1E6D349300B765E4 /* Resources */ = {
			isa = PBXResourcesBuildPhase;
			buildActionMask = 2147483647;
			files = (
			);
			runOnlyForDeploymentPostprocessing = 0;
		};
/* End PBXResourcesBuildPhase section */

/* Begin PBXSourcesBuildPhase section */
		022E50F71E6D349300B765E4 /* Sources */ = {
			isa = PBXSourcesBuildPhase;
			buildActionMask = 2147483647;
			files = (
				022E51011E6D349300B765E4 /* ViewController.swift in Sources */,
				022E51211E6D352700B765E4 /* Validator.swift in Sources */,
				022E50FF1E6D349300B765E4 /* AppDelegate.swift in Sources */,
			);
			runOnlyForDeploymentPostprocessing = 0;
		};
		022E510B1E6D349300B765E4 /* Sources */ = {
			isa = PBXSourcesBuildPhase;
			buildActionMask = 2147483647;
			files = (
				0284FD0D1E6E7DEC00D1A6DA /* ViewControllerTestCase.swift in Sources */,
				022E511F1E6D34C100B765E4 /* ValidatorTestCase.swift in Sources */,
			);
			runOnlyForDeploymentPostprocessing = 0;
		};
/* End PBXSourcesBuildPhase section */

/* Begin PBXTargetDependency section */
		022E51111E6D349300B765E4 /* PBXTargetDependency */ = {
			isa = PBXTargetDependency;
			target = 022E50FA1E6D349300B765E4 /* UnitCases */;
			targetProxy = 022E51101E6D349300B765E4 /* PBXContainerItemProxy */;
		};
/* End PBXTargetDependency section */

/* Begin PBXVariantGroup section */
		022E51021E6D349300B765E4 /* Main.storyboard */ = {
			isa = PBXVariantGroup;
			children = (
				022E51031E6D349300B765E4 /* Base */,
			);
			name = Main.storyboard;
			sourceTree = "<group>";
		};
		022E51071E6D349300B765E4 /* LaunchScreen.storyboard */ = {
			isa = PBXVariantGroup;
			children = (
				022E51081E6D349300B765E4 /* Base */,
			);
			name = LaunchScreen.storyboard;
			sourceTree = "<group>";
		};
/* End PBXVariantGroup section */

/* Begin XCBuildConfiguration section */
		022E51161E6D349300B765E4 /* Debug */ = {
			isa = XCBuildConfiguration;
			buildSettings = {
				ALWAYS_SEARCH_USER_PATHS = NO;
				CLANG_ANALYZER_NONNULL = YES;
				CLANG_CXX_LANGUAGE_STANDARD = "gnu++0x";
				CLANG_CXX_LIBRARY = "libc++";
				CLANG_ENABLE_MODULES = YES;
				CLANG_ENABLE_OBJC_ARC = YES;
				CLANG_WARN_BOOL_CONVERSION = YES;
				CLANG_WARN_CONSTANT_CONVERSION = YES;
				CLANG_WARN_DIRECT_OBJC_ISA_USAGE = YES_ERROR;
				CLANG_WARN_DOCUMENTATION_COMMENTS = YES;
				CLANG_WARN_EMPTY_BODY = YES;
				CLANG_WARN_ENUM_CONVERSION = YES;
				CLANG_WARN_INFINITE_RECURSION = YES;
				CLANG_WARN_INT_CONVERSION = YES;
				CLANG_WARN_OBJC_ROOT_CLASS = YES_ERROR;
				CLANG_WARN_SUSPICIOUS_MOVE = YES;
				CLANG_WARN_UNREACHABLE_CODE = YES;
				CLANG_WARN__DUPLICATE_METHOD_MATCH = YES;
				"CODE_SIGN_IDENTITY[sdk=iphoneos*]" = "iPhone Developer";
				COPY_PHASE_STRIP = NO;
				DEBUG_INFORMATION_FORMAT = dwarf;
				ENABLE_STRICT_OBJC_MSGSEND = YES;
				ENABLE_TESTABILITY = YES;
				GCC_C_LANGUAGE_STANDARD = gnu99;
				GCC_DYNAMIC_NO_PIC = NO;
				GCC_NO_COMMON_BLOCKS = YES;
				GCC_OPTIMIZATION_LEVEL = 0;
				GCC_PREPROCESSOR_DEFINITIONS = (
					"DEBUG=1",
					"$(inherited)",
				);
				GCC_WARN_64_TO_32_BIT_CONVERSION = YES;
				GCC_WARN_ABOUT_RETURN_TYPE = YES_ERROR;
				GCC_WARN_UNDECLARED_SELECTOR = YES;
				GCC_WARN_UNINITIALIZED_AUTOS = YES_AGGRESSIVE;
				GCC_WARN_UNUSED_FUNCTION = YES;
				GCC_WARN_UNUSED_VARIABLE = YES;
				IPHONEOS_DEPLOYMENT_TARGET = 10.2;
				MTL_ENABLE_DEBUG_INFO = YES;
				ONLY_ACTIVE_ARCH = YES;
				SDKROOT = iphoneos;
				SWIFT_ACTIVE_COMPILATION_CONDITIONS = DEBUG;
				SWIFT_OPTIMIZATION_LEVEL = "-Onone";
			};
			name = Debug;
		};
		022E51171E6D349300B765E4 /* Release */ = {
			isa = XCBuildConfiguration;
			buildSettings = {
				ALWAYS_SEARCH_USER_PATHS = NO;
				CLANG_ANALYZER_NONNULL = YES;
				CLANG_CXX_LANGUAGE_STANDARD = "gnu++0x";
				CLANG_CXX_LIBRARY = "libc++";
				CLANG_ENABLE_MODULES = YES;
				CLANG_ENABLE_OBJC_ARC = YES;
				CLANG_WARN_BOOL_CONVERSION = YES;
				CLANG_WARN_CONSTANT_CONVERSION = YES;
				CLANG_WARN_DIRECT_OBJC_ISA_USAGE = YES_ERROR;
				CLANG_WARN_DOCUMENTATION_COMMENTS = YES;
				CLANG_WARN_EMPTY_BODY = YES;
				CLANG_WARN_ENUM_CONVERSION = YES;
				CLANG_WARN_INFINITE_RECURSION = YES;
				CLANG_WARN_INT_CONVERSION = YES;
				CLANG_WARN_OBJC_ROOT_CLASS = YES_ERROR;
				CLANG_WARN_SUSPICIOUS_MOVE = YES;
				CLANG_WARN_UNREACHABLE_CODE = YES;
				CLANG_WARN__DUPLICATE_METHOD_MATCH = YES;
				"CODE_SIGN_IDENTITY[sdk=iphoneos*]" = "iPhone Developer";
				COPY_PHASE_STRIP = NO;
				DEBUG_INFORMATION_FORMAT = "dwarf-with-dsym";
				ENABLE_NS_ASSERTIONS = NO;
				ENABLE_STRICT_OBJC_MSGSEND = YES;
				GCC_C_LANGUAGE_STANDARD = gnu99;
				GCC_NO_COMMON_BLOCKS = YES;
				GCC_WARN_64_TO_32_BIT_CONVERSION = YES;
				GCC_WARN_ABOUT_RETURN_TYPE = YES_ERROR;
				GCC_WARN_UNDECLARED_SELECTOR = YES;
				GCC_WARN_UNINITIALIZED_AUTOS = YES_AGGRESSIVE;
				GCC_WARN_UNUSED_FUNCTION = YES;
				GCC_WARN_UNUSED_VARIABLE = YES;
				IPHONEOS_DEPLOYMENT_TARGET = 10.2;
				MTL_ENABLE_DEBUG_INFO = NO;
				SDKROOT = iphoneos;
				SWIFT_OPTIMIZATION_LEVEL = "-Owholemodule";
				VALIDATE_PRODUCT = YES;
			};
			name = Release;
		};
		022E51191E6D349300B765E4 /* Debug */ = {
			isa = XCBuildConfiguration;
			buildSettings = {
				ASSETCATALOG_COMPILER_APPICON_NAME = AppIcon;
				DEVELOPMENT_TEAM = 97RZX2844Y;
				INFOPLIST_FILE = UnitCases/Info.plist;
				LD_RUNPATH_SEARCH_PATHS = "$(inherited) @executable_path/Frameworks";
				PRODUCT_BUNDLE_IDENTIFIER = com.nisum.UnitCases;
				PRODUCT_NAME = "$(TARGET_NAME)";
				SWIFT_VERSION = 3.0;
			};
			name = Debug;
		};
		022E511A1E6D349300B765E4 /* Release */ = {
			isa = XCBuildConfiguration;
			buildSettings = {
				ASSETCATALOG_COMPILER_APPICON_NAME = AppIcon;
				DEVELOPMENT_TEAM = 97RZX2844Y;
				INFOPLIST_FILE = UnitCases/Info.plist;
				LD_RUNPATH_SEARCH_PATHS = "$(inherited) @executable_path/Frameworks";
				PRODUCT_BUNDLE_IDENTIFIER = com.nisum.UnitCases;
				PRODUCT_NAME = "$(TARGET_NAME)";
				SWIFT_VERSION = 3.0;
			};
			name = Release;
		};
		022E511C1E6D349300B765E4 /* Debug */ = {
			isa = XCBuildConfiguration;
			buildSettings = {
				ALWAYS_EMBED_SWIFT_STANDARD_LIBRARIES = YES;
				BUNDLE_LOADER = "$(TEST_HOST)";
				DEVELOPMENT_TEAM = 97RZX2844Y;
				INFOPLIST_FILE = UnitCasesTests/Info.plist;
				LD_RUNPATH_SEARCH_PATHS = "$(inherited) @executable_path/Frameworks @loader_path/Frameworks";
				PRODUCT_BUNDLE_IDENTIFIER = com.nisum.UnitCasesTests;
				PRODUCT_NAME = "$(TARGET_NAME)";
				SWIFT_VERSION = 3.0;
				TEST_HOST = "$(BUILT_PRODUCTS_DIR)/UnitCases.app/UnitCases";
			};
			name = Debug;
		};
		022E511D1E6D349300B765E4 /* Release */ = {
			isa = XCBuildConfiguration;
			buildSettings = {
				ALWAYS_EMBED_SWIFT_STANDARD_LIBRARIES = YES;
				BUNDLE_LOADER = "$(TEST_HOST)";
				DEVELOPMENT_TEAM = 97RZX2844Y;
				INFOPLIST_FILE = UnitCasesTests/Info.plist;
				LD_RUNPATH_SEARCH_PATHS = "$(inherited) @executable_path/Frameworks @loader_path/Frameworks";
				PRODUCT_BUNDLE_IDENTIFIER = com.nisum.UnitCasesTests;
				PRODUCT_NAME = "$(TARGET_NAME)";
				SWIFT_VERSION = 3.0;
				TEST_HOST = "$(BUILT_PRODUCTS_DIR)/UnitCases.app/UnitCases";
			};
			name = Release;
		};
/* End XCBuildConfiguration section */

/* Begin XCConfigurationList section */
		022E50F61E6D349300B765E4 /* Build configuration list for PBXProject "UnitCases" */ = {
			isa = XCConfigurationList;
			buildConfigurations = (
				022E51161E6D349300B765E4 /* Debug */,
				022E51171E6D349300B765E4 /* Release */,
			);
			defaultConfigurationIsVisible = 0;
			defaultConfigurationName = Release;
		};
		022E51181E6D349300B765E4 /* Build configuration list for PBXNativeTarget "UnitCases" */ = {
			isa = XCConfigurationList;
			buildConfigurations = (
				022E51191E6D349300B765E4 /* Debug */,
				022E511A1E6D349300B765E4 /* Release */,
			);
			defaultConfigurationIsVisible = 0;
			defaultConfigurationName = Release;
		};
		022E511B1E6D349300B765E4 /* Build configuration list for PBXNativeTarget "UnitCasesTests" */ = {
			isa = XCConfigurationList;
			buildConfigurations = (
				022E511C1E6D349300B765E4 /* Debug */,
				022E511D1E6D349300B765E4 /* Release */,
			);
			defaultConfigurationIsVisible = 0;
			defaultConfigurationName = Release;
		};
/* End XCConfigurationList section */
	};
	rootObject = 022E50F31E6D349300B765E4 /* Project object */;
}
